// !$*UTF8*$!
{
	archiveVersion = 1;
	classes = {
	};
	objectVersion = 48;
	objects = {

/* Begin PBXBuildFile section */
		49327687B493DE965F1AC4D4 /* Pods_SwiftOauthExampleUITests.framework in Frameworks */ = {isa = PBXBuildFile; fileRef = C9F3C7DDF3877F385324C7D7 /* Pods_SwiftOauthExampleUITests.framework */; };
		4B133CD1200C0C2A008C7B68 /* AppDelegate.swift in Sources */ = {isa = PBXBuildFile; fileRef = 4B133CD0200C0C2A008C7B68 /* AppDelegate.swift */; };
		4B133CD3200C0C2A008C7B68 /* ViewController.swift in Sources */ = {isa = PBXBuildFile; fileRef = 4B133CD2200C0C2A008C7B68 /* ViewController.swift */; };
		4B133CD6200C0C2A008C7B68 /* Main.storyboard in Resources */ = {isa = PBXBuildFile; fileRef = 4B133CD4200C0C2A008C7B68 /* Main.storyboard */; };
		4B133CD8200C0C2A008C7B68 /* Assets.xcassets in Resources */ = {isa = PBXBuildFile; fileRef = 4B133CD7200C0C2A008C7B68 /* Assets.xcassets */; };
		4B133CDB200C0C2A008C7B68 /* LaunchScreen.storyboard in Resources */ = {isa = PBXBuildFile; fileRef = 4B133CD9200C0C2A008C7B68 /* LaunchScreen.storyboard */; };
		4B133CE6200C0C2A008C7B68 /* SwiftOauthExampleTests.swift in Sources */ = {isa = PBXBuildFile; fileRef = 4B133CE5200C0C2A008C7B68 /* SwiftOauthExampleTests.swift */; };
		4B133CF1200C0C2A008C7B68 /* SwiftOauthExampleUITests.swift in Sources */ = {isa = PBXBuildFile; fileRef = 4B133CF0200C0C2A008C7B68 /* SwiftOauthExampleUITests.swift */; };
		4B133CFF200C0FF4008C7B68 /* GenericOAuthHandlerProtocol.swift in Sources */ = {isa = PBXBuildFile; fileRef = 4B133CFE200C0FF4008C7B68 /* GenericOAuthHandlerProtocol.swift */; };
		4B133D01200C15FB008C7B68 /* GenericOauthHandler.swift in Sources */ = {isa = PBXBuildFile; fileRef = 4B133D00200C15FB008C7B68 /* GenericOauthHandler.swift */; };
		4B133D03200C163E008C7B68 /* FacebookHandler.swift in Sources */ = {isa = PBXBuildFile; fileRef = 4B133D02200C163E008C7B68 /* FacebookHandler.swift */; };
		4B133D05200C16BE008C7B68 /* secrets.swift in Sources */ = {isa = PBXBuildFile; fileRef = 4B133D04200C16BE008C7B68 /* secrets.swift */; };
		5E4CB63F720294E95E2B0867 /* Pods_SwiftOauthExample.framework in Frameworks */ = {isa = PBXBuildFile; fileRef = E5770BD55A97ED334CBDB919 /* Pods_SwiftOauthExample.framework */; };
		C2EB1A42BB50A07E8F02644F /* Pods_SwiftOauthExampleTests.framework in Frameworks */ = {isa = PBXBuildFile; fileRef = 155275EB37E18B81FDA46ED4 /* Pods_SwiftOauthExampleTests.framework */; };
/* End PBXBuildFile section */

/* Begin PBXContainerItemProxy section */
		4B133CE2200C0C2A008C7B68 /* PBXContainerItemProxy */ = {
			isa = PBXContainerItemProxy;
			containerPortal = 4B133CC5200C0C2A008C7B68 /* Project object */;
			proxyType = 1;
			remoteGlobalIDString = 4B133CCC200C0C2A008C7B68;
			remoteInfo = SwiftOauthExample;
		};
		4B133CED200C0C2A008C7B68 /* PBXContainerItemProxy */ = {
			isa = PBXContainerItemProxy;
			containerPortal = 4B133CC5200C0C2A008C7B68 /* Project object */;
			proxyType = 1;
			remoteGlobalIDString = 4B133CCC200C0C2A008C7B68;
			remoteInfo = SwiftOauthExample;
		};
/* End PBXContainerItemProxy section */

/* Begin PBXFileReference section */
		0D003B3541FA96C5885C5D74 /* Pods-SwiftOauthExampleTests.debug.xcconfig */ = {isa = PBXFileReference; includeInIndex = 1; lastKnownFileType = text.xcconfig; name = "Pods-SwiftOauthExampleTests.debug.xcconfig"; path = "Pods/Target Support Files/Pods-SwiftOauthExampleTests/Pods-SwiftOauthExampleTests.debug.xcconfig"; sourceTree = "<group>"; };
		155275EB37E18B81FDA46ED4 /* Pods_SwiftOauthExampleTests.framework */ = {isa = PBXFileReference; explicitFileType = wrapper.framework; includeInIndex = 0; path = Pods_SwiftOauthExampleTests.framework; sourceTree = BUILT_PRODUCTS_DIR; };
		3837280062AB17DA99DEC99E /* Pods-SwiftOauthExampleUITests.release.xcconfig */ = {isa = PBXFileReference; includeInIndex = 1; lastKnownFileType = text.xcconfig; name = "Pods-SwiftOauthExampleUITests.release.xcconfig"; path = "Pods/Target Support Files/Pods-SwiftOauthExampleUITests/Pods-SwiftOauthExampleUITests.release.xcconfig"; sourceTree = "<group>"; };
		499C6A7DD3401643220FD7CF /* Pods-SwiftOauthExample.debug.xcconfig */ = {isa = PBXFileReference; includeInIndex = 1; lastKnownFileType = text.xcconfig; name = "Pods-SwiftOauthExample.debug.xcconfig"; path = "Pods/Target Support Files/Pods-SwiftOauthExample/Pods-SwiftOauthExample.debug.xcconfig"; sourceTree = "<group>"; };
		4B133CCD200C0C2A008C7B68 /* SwiftOauthExample.app */ = {isa = PBXFileReference; explicitFileType = wrapper.application; includeInIndex = 0; path = SwiftOauthExample.app; sourceTree = BUILT_PRODUCTS_DIR; };
		4B133CD0200C0C2A008C7B68 /* AppDelegate.swift */ = {isa = PBXFileReference; lastKnownFileType = sourcecode.swift; path = AppDelegate.swift; sourceTree = "<group>"; };
		4B133CD2200C0C2A008C7B68 /* ViewController.swift */ = {isa = PBXFileReference; lastKnownFileType = sourcecode.swift; path = ViewController.swift; sourceTree = "<group>"; };
		4B133CD5200C0C2A008C7B68 /* Base */ = {isa = PBXFileReference; lastKnownFileType = file.storyboard; name = Base; path = Base.lproj/Main.storyboard; sourceTree = "<group>"; };
		4B133CD7200C0C2A008C7B68 /* Assets.xcassets */ = {isa = PBXFileReference; lastKnownFileType = folder.assetcatalog; path = Assets.xcassets; sourceTree = "<group>"; };
		4B133CDA200C0C2A008C7B68 /* Base */ = {isa = PBXFileReference; lastKnownFileType = file.storyboard; name = Base; path = Base.lproj/LaunchScreen.storyboard; sourceTree = "<group>"; };
		4B133CDC200C0C2A008C7B68 /* Info.plist */ = {isa = PBXFileReference; lastKnownFileType = text.plist.xml; path = Info.plist; sourceTree = "<group>"; };
		4B133CE1200C0C2A008C7B68 /* SwiftOauthExampleTests.xctest */ = {isa = PBXFileReference; explicitFileType = wrapper.cfbundle; includeInIndex = 0; path = SwiftOauthExampleTests.xctest; sourceTree = BUILT_PRODUCTS_DIR; };
		4B133CE5200C0C2A008C7B68 /* SwiftOauthExampleTests.swift */ = {isa = PBXFileReference; lastKnownFileType = sourcecode.swift; path = SwiftOauthExampleTests.swift; sourceTree = "<group>"; };
		4B133CE7200C0C2A008C7B68 /* Info.plist */ = {isa = PBXFileReference; lastKnownFileType = text.plist.xml; path = Info.plist; sourceTree = "<group>"; };
		4B133CEC200C0C2A008C7B68 /* SwiftOauthExampleUITests.xctest */ = {isa = PBXFileReference; explicitFileType = wrapper.cfbundle; includeInIndex = 0; path = SwiftOauthExampleUITests.xctest; sourceTree = BUILT_PRODUCTS_DIR; };
		4B133CF0200C0C2A008C7B68 /* SwiftOauthExampleUITests.swift */ = {isa = PBXFileReference; lastKnownFileType = sourcecode.swift; path = SwiftOauthExampleUITests.swift; sourceTree = "<group>"; };
		4B133CF2200C0C2A008C7B68 /* Info.plist */ = {isa = PBXFileReference; lastKnownFileType = text.plist.xml; path = Info.plist; sourceTree = "<group>"; };
		4B133CFE200C0FF4008C7B68 /* GenericOAuthHandlerProtocol.swift */ = {isa = PBXFileReference; lastKnownFileType = sourcecode.swift; path = GenericOAuthHandlerProtocol.swift; sourceTree = "<group>"; };
		4B133D00200C15FB008C7B68 /* GenericOauthHandler.swift */ = {isa = PBXFileReference; lastKnownFileType = sourcecode.swift; path = GenericOauthHandler.swift; sourceTree = "<group>"; };
		4B133D02200C163E008C7B68 /* FacebookHandler.swift */ = {isa = PBXFileReference; lastKnownFileType = sourcecode.swift; path = FacebookHandler.swift; sourceTree = "<group>"; };
		4B133D04200C16BE008C7B68 /* secrets.swift */ = {isa = PBXFileReference; lastKnownFileType = sourcecode.swift; path = secrets.swift; sourceTree = "<group>"; };
		B2BFC96CFE6A0DD1487AC934 /* Pods-SwiftOauthExample.release.xcconfig */ = {isa = PBXFileReference; includeInIndex = 1; lastKnownFileType = text.xcconfig; name = "Pods-SwiftOauthExample.release.xcconfig"; path = "Pods/Target Support Files/Pods-SwiftOauthExample/Pods-SwiftOauthExample.release.xcconfig"; sourceTree = "<group>"; };
		C9F3C7DDF3877F385324C7D7 /* Pods_SwiftOauthExampleUITests.framework */ = {isa = PBXFileReference; explicitFileType = wrapper.framework; includeInIndex = 0; path = Pods_SwiftOauthExampleUITests.framework; sourceTree = BUILT_PRODUCTS_DIR; };
		D356EE3E09212E33C296A274 /* Pods-SwiftOauthExampleTests.release.xcconfig */ = {isa = PBXFileReference; includeInIndex = 1; lastKnownFileType = text.xcconfig; name = "Pods-SwiftOauthExampleTests.release.xcconfig"; path = "Pods/Target Support Files/Pods-SwiftOauthExampleTests/Pods-SwiftOauthExampleTests.release.xcconfig"; sourceTree = "<group>"; };
		DF6EA2D4DD2BD700D203596C /* Pods-SwiftOauthExampleUITests.debug.xcconfig */ = {isa = PBXFileReference; includeInIndex = 1; lastKnownFileType = text.xcconfig; name = "Pods-SwiftOauthExampleUITests.debug.xcconfig"; path = "Pods/Target Support Files/Pods-SwiftOauthExampleUITests/Pods-SwiftOauthExampleUITests.debug.xcconfig"; sourceTree = "<group>"; };
		E5770BD55A97ED334CBDB919 /* Pods_SwiftOauthExample.framework */ = {isa = PBXFileReference; explicitFileType = wrapper.framework; includeInIndex = 0; path = Pods_SwiftOauthExample.framework; sourceTree = BUILT_PRODUCTS_DIR; };
/* End PBXFileReference section */

/* Begin PBXFrameworksBuildPhase section */
		4B133CCA200C0C2A008C7B68 /* Frameworks */ = {
			isa = PBXFrameworksBuildPhase;
			buildActionMask = 2147483647;
			files = (
				5E4CB63F720294E95E2B0867 /* Pods_SwiftOauthExample.framework in Frameworks */,
			);
			runOnlyForDeploymentPostprocessing = 0;
		};
		4B133CDE200C0C2A008C7B68 /* Frameworks */ = {
			isa = PBXFrameworksBuildPhase;
			buildActionMask = 2147483647;
			files = (
				C2EB1A42BB50A07E8F02644F /* Pods_SwiftOauthExampleTests.framework in Frameworks */,
			);
			runOnlyForDeploymentPostprocessing = 0;
		};
		4B133CE9200C0C2A008C7B68 /* Frameworks */ = {
			isa = PBXFrameworksBuildPhase;
			buildActionMask = 2147483647;
			files = (
				49327687B493DE965F1AC4D4 /* Pods_SwiftOauthExampleUITests.framework in Frameworks */,
			);
			runOnlyForDeploymentPostprocessing = 0;
		};
/* End PBXFrameworksBuildPhase section */

/* Begin PBXGroup section */
		299B4795FF2473FE215E4F91 /* Frameworks */ = {
			isa = PBXGroup;
			children = (
				E5770BD55A97ED334CBDB919 /* Pods_SwiftOauthExample.framework */,
				155275EB37E18B81FDA46ED4 /* Pods_SwiftOauthExampleTests.framework */,
				C9F3C7DDF3877F385324C7D7 /* Pods_SwiftOauthExampleUITests.framework */,
			);
			name = Frameworks;
			sourceTree = "<group>";
		};
		4B133CC4200C0C2A008C7B68 = {
			isa = PBXGroup;
			children = (
				4B133CCF200C0C2A008C7B68 /* SwiftOauthExample */,
				4B133CE4200C0C2A008C7B68 /* SwiftOauthExampleTests */,
				4B133CEF200C0C2A008C7B68 /* SwiftOauthExampleUITests */,
				4B133CCE200C0C2A008C7B68 /* Products */,
				966D1C84F6F14A7B76E68EDB /* Pods */,
				299B4795FF2473FE215E4F91 /* Frameworks */,
			);
			sourceTree = "<group>";
		};
		4B133CCE200C0C2A008C7B68 /* Products */ = {
			isa = PBXGroup;
			children = (
				4B133CCD200C0C2A008C7B68 /* SwiftOauthExample.app */,
				4B133CE1200C0C2A008C7B68 /* SwiftOauthExampleTests.xctest */,
				4B133CEC200C0C2A008C7B68 /* SwiftOauthExampleUITests.xctest */,
			);
			name = Products;
			sourceTree = "<group>";
		};
		4B133CCF200C0C2A008C7B68 /* SwiftOauthExample */ = {
			isa = PBXGroup;
			children = (
				4B133CD0200C0C2A008C7B68 /* AppDelegate.swift */,
				4B133CD2200C0C2A008C7B68 /* ViewController.swift */,
				4B133CFE200C0FF4008C7B68 /* GenericOAuthHandlerProtocol.swift */,
				4B133CD4200C0C2A008C7B68 /* Main.storyboard */,
				4B133CD7200C0C2A008C7B68 /* Assets.xcassets */,
				4B133CD9200C0C2A008C7B68 /* LaunchScreen.storyboard */,
				4B133CDC200C0C2A008C7B68 /* Info.plist */,
				4B133D00200C15FB008C7B68 /* GenericOauthHandler.swift */,
				4B133D02200C163E008C7B68 /* FacebookHandler.swift */,
				4B133D04200C16BE008C7B68 /* secrets.swift */,
			);
			path = SwiftOauthExample;
			sourceTree = "<group>";
		};
		4B133CE4200C0C2A008C7B68 /* SwiftOauthExampleTests */ = {
			isa = PBXGroup;
			children = (
				4B133CE5200C0C2A008C7B68 /* SwiftOauthExampleTests.swift */,
				4B133CE7200C0C2A008C7B68 /* Info.plist */,
			);
			path = SwiftOauthExampleTests;
			sourceTree = "<group>";
		};
		4B133CEF200C0C2A008C7B68 /* SwiftOauthExampleUITests */ = {
			isa = PBXGroup;
			children = (
				4B133CF0200C0C2A008C7B68 /* SwiftOauthExampleUITests.swift */,
				4B133CF2200C0C2A008C7B68 /* Info.plist */,
			);
			path = SwiftOauthExampleUITests;
			sourceTree = "<group>";
		};
		966D1C84F6F14A7B76E68EDB /* Pods */ = {
			isa = PBXGroup;
			children = (
				499C6A7DD3401643220FD7CF /* Pods-SwiftOauthExample.debug.xcconfig */,
				B2BFC96CFE6A0DD1487AC934 /* Pods-SwiftOauthExample.release.xcconfig */,
				0D003B3541FA96C5885C5D74 /* Pods-SwiftOauthExampleTests.debug.xcconfig */,
				D356EE3E09212E33C296A274 /* Pods-SwiftOauthExampleTests.release.xcconfig */,
				DF6EA2D4DD2BD700D203596C /* Pods-SwiftOauthExampleUITests.debug.xcconfig */,
				3837280062AB17DA99DEC99E /* Pods-SwiftOauthExampleUITests.release.xcconfig */,
			);
			name = Pods;
			sourceTree = "<group>";
		};
/* End PBXGroup section */

/* Begin PBXNativeTarget section */
		4B133CCC200C0C2A008C7B68 /* SwiftOauthExample */ = {
			isa = PBXNativeTarget;
			buildConfigurationList = 4B133CF5200C0C2A008C7B68 /* Build configuration list for PBXNativeTarget "SwiftOauthExample" */;
			buildPhases = (
				08FCAEEFC4CD43B797246633 /* [CP] Check Pods Manifest.lock */,
				4B133CC9200C0C2A008C7B68 /* Sources */,
				4B133CCA200C0C2A008C7B68 /* Frameworks */,
				4B133CCB200C0C2A008C7B68 /* Resources */,
				D7B2AF4A527128BB52439CD2 /* [CP] Embed Pods Frameworks */,
				E68B6B7082B03ADF6046D1A9 /* [CP] Copy Pods Resources */,
			);
			buildRules = (
			);
			dependencies = (
			);
			name = SwiftOauthExample;
			productName = SwiftOauthExample;
			productReference = 4B133CCD200C0C2A008C7B68 /* SwiftOauthExample.app */;
			productType = "com.apple.product-type.application";
		};
		4B133CE0200C0C2A008C7B68 /* SwiftOauthExampleTests */ = {
			isa = PBXNativeTarget;
			buildConfigurationList = 4B133CF8200C0C2A008C7B68 /* Build configuration list for PBXNativeTarget "SwiftOauthExampleTests" */;
			buildPhases = (
				B0E0881A812F9CE467F5C8F3 /* [CP] Check Pods Manifest.lock */,
				4B133CDD200C0C2A008C7B68 /* Sources */,
				4B133CDE200C0C2A008C7B68 /* Frameworks */,
				4B133CDF200C0C2A008C7B68 /* Resources */,
				B0CA2FFF6C74C6FBBFC5DEE2 /* [CP] Embed Pods Frameworks */,
				B4C2D9C289E2080A21E19479 /* [CP] Copy Pods Resources */,
			);
			buildRules = (
			);
			dependencies = (
				4B133CE3200C0C2A008C7B68 /* PBXTargetDependency */,
			);
			name = SwiftOauthExampleTests;
			productName = SwiftOauthExampleTests;
			productReference = 4B133CE1200C0C2A008C7B68 /* SwiftOauthExampleTests.xctest */;
			productType = "com.apple.product-type.bundle.unit-test";
		};
		4B133CEB200C0C2A008C7B68 /* SwiftOauthExampleUITests */ = {
			isa = PBXNativeTarget;
			buildConfigurationList = 4B133CFB200C0C2A008C7B68 /* Build configuration list for PBXNativeTarget "SwiftOauthExampleUITests" */;
			buildPhases = (
				99BAA6602B2495CD40B8045C /* [CP] Check Pods Manifest.lock */,
				4B133CE8200C0C2A008C7B68 /* Sources */,
				4B133CE9200C0C2A008C7B68 /* Frameworks */,
				4B133CEA200C0C2A008C7B68 /* Resources */,
				0402E857E6B5B412501E72AA /* [CP] Embed Pods Frameworks */,
				E404026CD1301F6984DA5CB3 /* [CP] Copy Pods Resources */,
			);
			buildRules = (
			);
			dependencies = (
				4B133CEE200C0C2A008C7B68 /* PBXTargetDependency */,
			);
			name = SwiftOauthExampleUITests;
			productName = SwiftOauthExampleUITests;
			productReference = 4B133CEC200C0C2A008C7B68 /* SwiftOauthExampleUITests.xctest */;
			productType = "com.apple.product-type.bundle.ui-testing";
		};
/* End PBXNativeTarget section */

/* Begin PBXProject section */
		4B133CC5200C0C2A008C7B68 /* Project object */ = {
			isa = PBXProject;
			attributes = {
				LastSwiftUpdateCheck = 0920;
				LastUpgradeCheck = 0920;
				ORGANIZATIONNAME = "Brian D Keane";
				TargetAttributes = {
					4B133CCC200C0C2A008C7B68 = {
						CreatedOnToolsVersion = 9.2;
						ProvisioningStyle = Automatic;
					};
					4B133CE0200C0C2A008C7B68 = {
						CreatedOnToolsVersion = 9.2;
						ProvisioningStyle = Automatic;
						TestTargetID = 4B133CCC200C0C2A008C7B68;
					};
					4B133CEB200C0C2A008C7B68 = {
						CreatedOnToolsVersion = 9.2;
						ProvisioningStyle = Automatic;
						TestTargetID = 4B133CCC200C0C2A008C7B68;
					};
				};
			};
			buildConfigurationList = 4B133CC8200C0C2A008C7B68 /* Build configuration list for PBXProject "SwiftOauthExample" */;
			compatibilityVersion = "Xcode 8.0";
			developmentRegion = en;
			hasScannedForEncodings = 0;
			knownRegions = (
				en,
				Base,
			);
			mainGroup = 4B133CC4200C0C2A008C7B68;
			productRefGroup = 4B133CCE200C0C2A008C7B68 /* Products */;
			projectDirPath = "";
			projectRoot = "";
			targets = (
				4B133CCC200C0C2A008C7B68 /* SwiftOauthExample */,
				4B133CE0200C0C2A008C7B68 /* SwiftOauthExampleTests */,
				4B133CEB200C0C2A008C7B68 /* SwiftOauthExampleUITests */,
			);
		};
/* End PBXProject section */

/* Begin PBXResourcesBuildPhase section */
		4B133CCB200C0C2A008C7B68 /* Resources */ = {
			isa = PBXResourcesBuildPhase;
			buildActionMask = 2147483647;
			files = (
				4B133CDB200C0C2A008C7B68 /* LaunchScreen.storyboard in Resources */,
				4B133CD8200C0C2A008C7B68 /* Assets.xcassets in Resources */,
				4B133CD6200C0C2A008C7B68 /* Main.storyboard in Resources */,
			);
			runOnlyForDeploymentPostprocessing = 0;
		};
		4B133CDF200C0C2A008C7B68 /* Resources */ = {
			isa = PBXResourcesBuildPhase;
			buildActionMask = 2147483647;
			files = (
			);
			runOnlyForDeploymentPostprocessing = 0;
		};
		4B133CEA200C0C2A008C7B68 /* Resources */ = {
			isa = PBXResourcesBuildPhase;
			buildActionMask = 2147483647;
			files = (
			);
			runOnlyForDeploymentPostprocessing = 0;
		};
/* End PBXResourcesBuildPhase section */

/* Begin PBXShellScriptBuildPhase section */
		0402E857E6B5B412501E72AA /* [CP] Embed Pods Frameworks */ = {
			isa = PBXShellScriptBuildPhase;
			buildActionMask = 2147483647;
			files = (
			);
			inputPaths = (
			);
			name = "[CP] Embed Pods Frameworks";
			outputPaths = (
			);
			runOnlyForDeploymentPostprocessing = 0;
			shellPath = /bin/sh;
			shellScript = "\"${SRCROOT}/Pods/Target Support Files/Pods-SwiftOauthExampleUITests/Pods-SwiftOauthExampleUITests-frameworks.sh\"\n";
			showEnvVarsInLog = 0;
		};
		08FCAEEFC4CD43B797246633 /* [CP] Check Pods Manifest.lock */ = {
			isa = PBXShellScriptBuildPhase;
			buildActionMask = 2147483647;
			files = (
			);
			inputPaths = (
				"${PODS_PODFILE_DIR_PATH}/Podfile.lock",
				"${PODS_ROOT}/Manifest.lock",
			);
			name = "[CP] Check Pods Manifest.lock";
			outputPaths = (
				"$(DERIVED_FILE_DIR)/Pods-SwiftOauthExample-checkManifestLockResult.txt",
			);
			runOnlyForDeploymentPostprocessing = 0;
			shellPath = /bin/sh;
			shellScript = "diff \"${PODS_PODFILE_DIR_PATH}/Podfile.lock\" \"${PODS_ROOT}/Manifest.lock\" > /dev/null\nif [ $? != 0 ] ; then\n    # print error to STDERR\n    echo \"error: The sandbox is not in sync with the Podfile.lock. Run 'pod install' or update your CocoaPods installation.\" >&2\n    exit 1\nfi\n# This output is used by Xcode 'outputs' to avoid re-running this script phase.\necho \"SUCCESS\" > \"${SCRIPT_OUTPUT_FILE_0}\"\n";
			showEnvVarsInLog = 0;
		};
		99BAA6602B2495CD40B8045C /* [CP] Check Pods Manifest.lock */ = {
			isa = PBXShellScriptBuildPhase;
			buildActionMask = 2147483647;
			files = (
			);
			inputPaths = (
				"${PODS_PODFILE_DIR_PATH}/Podfile.lock",
				"${PODS_ROOT}/Manifest.lock",
			);
			name = "[CP] Check Pods Manifest.lock";
			outputPaths = (
				"$(DERIVED_FILE_DIR)/Pods-SwiftOauthExampleUITests-checkManifestLockResult.txt",
			);
			runOnlyForDeploymentPostprocessing = 0;
			shellPath = /bin/sh;
			shellScript = "diff \"${PODS_PODFILE_DIR_PATH}/Podfile.lock\" \"${PODS_ROOT}/Manifest.lock\" > /dev/null\nif [ $? != 0 ] ; then\n    # print error to STDERR\n    echo \"error: The sandbox is not in sync with the Podfile.lock. Run 'pod install' or update your CocoaPods installation.\" >&2\n    exit 1\nfi\n# This output is used by Xcode 'outputs' to avoid re-running this script phase.\necho \"SUCCESS\" > \"${SCRIPT_OUTPUT_FILE_0}\"\n";
			showEnvVarsInLog = 0;
		};
		B0CA2FFF6C74C6FBBFC5DEE2 /* [CP] Embed Pods Frameworks */ = {
			isa = PBXShellScriptBuildPhase;
			buildActionMask = 2147483647;
			files = (
			);
			inputPaths = (
			);
			name = "[CP] Embed Pods Frameworks";
			outputPaths = (
			);
			runOnlyForDeploymentPostprocessing = 0;
			shellPath = /bin/sh;
			shellScript = "\"${SRCROOT}/Pods/Target Support Files/Pods-SwiftOauthExampleTests/Pods-SwiftOauthExampleTests-frameworks.sh\"\n";
			showEnvVarsInLog = 0;
		};
		B0E0881A812F9CE467F5C8F3 /* [CP] Check Pods Manifest.lock */ = {
			isa = PBXShellScriptBuildPhase;
			buildActionMask = 2147483647;
			files = (
			);
			inputPaths = (
				"${PODS_PODFILE_DIR_PATH}/Podfile.lock",
				"${PODS_ROOT}/Manifest.lock",
			);
			name = "[CP] Check Pods Manifest.lock";
			outputPaths = (
				"$(DERIVED_FILE_DIR)/Pods-SwiftOauthExampleTests-checkManifestLockResult.txt",
			);
			runOnlyForDeploymentPostprocessing = 0;
			shellPath = /bin/sh;
			shellScript = "diff \"${PODS_PODFILE_DIR_PATH}/Podfile.lock\" \"${PODS_ROOT}/Manifest.lock\" > /dev/null\nif [ $? != 0 ] ; then\n    # print error to STDERR\n    echo \"error: The sandbox is not in sync with the Podfile.lock. Run 'pod install' or update your CocoaPods installation.\" >&2\n    exit 1\nfi\n# This output is used by Xcode 'outputs' to avoid re-running this script phase.\necho \"SUCCESS\" > \"${SCRIPT_OUTPUT_FILE_0}\"\n";
			showEnvVarsInLog = 0;
		};
		B4C2D9C289E2080A21E19479 /* [CP] Copy Pods Resources */ = {
			isa = PBXShellScriptBuildPhase;
			buildActionMask = 2147483647;
			files = (
			);
			inputPaths = (
			);
			name = "[CP] Copy Pods Resources";
			outputPaths = (
			);
			runOnlyForDeploymentPostprocessing = 0;
			shellPath = /bin/sh;
			shellScript = "\"${SRCROOT}/Pods/Target Support Files/Pods-SwiftOauthExampleTests/Pods-SwiftOauthExampleTests-resources.sh\"\n";
			showEnvVarsInLog = 0;
		};
		D7B2AF4A527128BB52439CD2 /* [CP] Embed Pods Frameworks */ = {
			isa = PBXShellScriptBuildPhase;
			buildActionMask = 2147483647;
			files = (
			);
			inputPaths = (
				"${SRCROOT}/Pods/Target Support Files/Pods-SwiftOauthExample/Pods-SwiftOauthExample-frameworks.sh",
				"${BUILT_PRODUCTS_DIR}/OAuthSwift/OAuthSwift.framework",
				"${BUILT_PRODUCTS_DIR}/PromiseKit/PromiseKit.framework",
			);
			name = "[CP] Embed Pods Frameworks";
			outputPaths = (
				"${TARGET_BUILD_DIR}/${FRAMEWORKS_FOLDER_PATH}/OAuthSwift.framework",
				"${TARGET_BUILD_DIR}/${FRAMEWORKS_FOLDER_PATH}/PromiseKit.framework",
			);
			runOnlyForDeploymentPostprocessing = 0;
			shellPath = /bin/sh;
			shellScript = "\"${SRCROOT}/Pods/Target Support Files/Pods-SwiftOauthExample/Pods-SwiftOauthExample-frameworks.sh\"\n";
			showEnvVarsInLog = 0;
		};
		E404026CD1301F6984DA5CB3 /* [CP] Copy Pods Resources */ = {
			isa = PBXShellScriptBuildPhase;
			buildActionMask = 2147483647;
			files = (
			);
			inputPaths = (
			);
			name = "[CP] Copy Pods Resources";
			outputPaths = (
			);
			runOnlyForDeploymentPostprocessing = 0;
			shellPath = /bin/sh;
			shellScript = "\"${SRCROOT}/Pods/Target Support Files/Pods-SwiftOauthExampleUITests/Pods-SwiftOauthExampleUITests-resources.sh\"\n";
			showEnvVarsInLog = 0;
		};
		E68B6B7082B03ADF6046D1A9 /* [CP] Copy Pods Resources */ = {
			isa = PBXShellScriptBuildPhase;
			buildActionMask = 2147483647;
			files = (
			);
			inputPaths = (
			);
			name = "[CP] Copy Pods Resources";
			outputPaths = (
			);
			runOnlyForDeploymentPostprocessing = 0;
			shellPath = /bin/sh;
			shellScript = "\"${SRCROOT}/Pods/Target Support Files/Pods-SwiftOauthExample/Pods-SwiftOauthExample-resources.sh\"\n";
			showEnvVarsInLog = 0;
		};
/* End PBXShellScriptBuildPhase section */

/* Begin PBXSourcesBuildPhase section */
		4B133CC9200C0C2A008C7B68 /* Sources */ = {
			isa = PBXSourcesBuildPhase;
			buildActionMask = 2147483647;
			files = (
				4B133D03200C163E008C7B68 /* FacebookHandler.swift in Sources */,
				4B133D01200C15FB008C7B68 /* GenericOauthHandler.swift in Sources */,
				4B133CD3200C0C2A008C7B68 /* ViewController.swift in Sources */,
				4B133CFF200C0FF4008C7B68 /* GenericOAuthHandlerProtocol.swift in Sources */,
				4B133CD1200C0C2A008C7B68 /* AppDelegate.swift in Sources */,
				4B133D05200C16BE008C7B68 /* secrets.swift in Sources */,
			);
			runOnlyForDeploymentPostprocessing = 0;
		};
		4B133CDD200C0C2A008C7B68 /* Sources */ = {
			isa = PBXSourcesBuildPhase;
			buildActionMask = 2147483647;
			files = (
				4B133CE6200C0C2A008C7B68 /* SwiftOauthExampleTests.swift in Sources */,
			);
			runOnlyForDeploymentPostprocessing = 0;
		};
		4B133CE8200C0C2A008C7B68 /* Sources */ = {
			isa = PBXSourcesBuildPhase;
			buildActionMask = 2147483647;
			files = (
				4B133CF1200C0C2A008C7B68 /* SwiftOauthExampleUITests.swift in Sources */,
			);
			runOnlyForDeploymentPostprocessing = 0;
		};
/* End PBXSourcesBuildPhase section */

/* Begin PBXTargetDependency section */
		4B133CE3200C0C2A008C7B68 /* PBXTargetDependency */ = {
			isa = PBXTargetDependency;
			target = 4B133CCC200C0C2A008C7B68 /* SwiftOauthExample */;
			targetProxy = 4B133CE2200C0C2A008C7B68 /* PBXContainerItemProxy */;
		};
		4B133CEE200C0C2A008C7B68 /* PBXTargetDependency */ = {
			isa = PBXTargetDependency;
			target = 4B133CCC200C0C2A008C7B68 /* SwiftOauthExample */;
			targetProxy = 4B133CED200C0C2A008C7B68 /* PBXContainerItemProxy */;
		};
/* End PBXTargetDependency section */

/* Begin PBXVariantGroup section */
		4B133CD4200C0C2A008C7B68 /* Main.storyboard */ = {
			isa = PBXVariantGroup;
			children = (
				4B133CD5200C0C2A008C7B68 /* Base */,
			);
			name = Main.storyboard;
			sourceTree = "<group>";
		};
		4B133CD9200C0C2A008C7B68 /* LaunchScreen.storyboard */ = {
			isa = PBXVariantGroup;
			children = (
				4B133CDA200C0C2A008C7B68 /* Base */,
			);
			name = LaunchScreen.storyboard;
			sourceTree = "<group>";
		};
/* End PBXVariantGroup section */

/* Begin XCBuildConfiguration section */
		4B133CF3200C0C2A008C7B68 /* Debug */ = {
			isa = XCBuildConfiguration;
			buildSettings = {
				ALWAYS_SEARCH_USER_PATHS = NO;
				CLANG_ANALYZER_NONNULL = YES;
				CLANG_ANALYZER_NUMBER_OBJECT_CONVERSION = YES_AGGRESSIVE;
				CLANG_CXX_LANGUAGE_STANDARD = "gnu++14";
				CLANG_CXX_LIBRARY = "libc++";
				CLANG_ENABLE_MODULES = YES;
				CLANG_ENABLE_OBJC_ARC = YES;
				CLANG_WARN_BLOCK_CAPTURE_AUTORELEASING = YES;
				CLANG_WARN_BOOL_CONVERSION = YES;
				CLANG_WARN_COMMA = YES;
				CLANG_WARN_CONSTANT_CONVERSION = YES;
				CLANG_WARN_DIRECT_OBJC_ISA_USAGE = YES_ERROR;
				CLANG_WARN_DOCUMENTATION_COMMENTS = YES;
				CLANG_WARN_EMPTY_BODY = YES;
				CLANG_WARN_ENUM_CONVERSION = YES;
				CLANG_WARN_INFINITE_RECURSION = YES;
				CLANG_WARN_INT_CONVERSION = YES;
				CLANG_WARN_NON_LITERAL_NULL_CONVERSION = YES;
				CLANG_WARN_OBJC_LITERAL_CONVERSION = YES;
				CLANG_WARN_OBJC_ROOT_CLASS = YES_ERROR;
				CLANG_WARN_RANGE_LOOP_ANALYSIS = YES;
				CLANG_WARN_STRICT_PROTOTYPES = YES;
				CLANG_WARN_SUSPICIOUS_MOVE = YES;
				CLANG_WARN_UNGUARDED_AVAILABILITY = YES_AGGRESSIVE;
				CLANG_WARN_UNREACHABLE_CODE = YES;
				CLANG_WARN__DUPLICATE_METHOD_MATCH = YES;
				CODE_SIGN_IDENTITY = "iPhone Developer";
				COPY_PHASE_STRIP = NO;
				DEBUG_INFORMATION_FORMAT = dwarf;
				ENABLE_STRICT_OBJC_MSGSEND = YES;
				ENABLE_TESTABILITY = YES;
				GCC_C_LANGUAGE_STANDARD = gnu11;
				GCC_DYNAMIC_NO_PIC = NO;
				GCC_NO_COMMON_BLOCKS = YES;
				GCC_OPTIMIZATION_LEVEL = 0;
				GCC_PREPROCESSOR_DEFINITIONS = (
					"DEBUG=1",
					"$(inherited)",
				);
				GCC_WARN_64_TO_32_BIT_CONVERSION = YES;
				GCC_WARN_ABOUT_RETURN_TYPE = YES_ERROR;
				GCC_WARN_UNDECLARED_SELECTOR = YES;
				GCC_WARN_UNINITIALIZED_AUTOS = YES_AGGRESSIVE;
				GCC_WARN_UNUSED_FUNCTION = YES;
				GCC_WARN_UNUSED_VARIABLE = YES;
				IPHONEOS_DEPLOYMENT_TARGET = 11.2;
				MTL_ENABLE_DEBUG_INFO = YES;
				ONLY_ACTIVE_ARCH = YES;
				SDKROOT = iphoneos;
				SWIFT_ACTIVE_COMPILATION_CONDITIONS = DEBUG;
				SWIFT_OPTIMIZATION_LEVEL = "-Onone";
			};
			name = Debug;
		};
		4B133CF4200C0C2A008C7B68 /* Release */ = {
			isa = XCBuildConfiguration;
			buildSettings = {
				ALWAYS_SEARCH_USER_PATHS = NO;
				CLANG_ANALYZER_NONNULL = YES;
				CLANG_ANALYZER_NUMBER_OBJECT_CONVERSION = YES_AGGRESSIVE;
				CLANG_CXX_LANGUAGE_STANDARD = "gnu++14";
				CLANG_CXX_LIBRARY = "libc++";
				CLANG_ENABLE_MODULES = YES;
				CLANG_ENABLE_OBJC_ARC = YES;
				CLANG_WARN_BLOCK_CAPTURE_AUTORELEASING = YES;
				CLANG_WARN_BOOL_CONVERSION = YES;
				CLANG_WARN_COMMA = YES;
				CLANG_WARN_CONSTANT_CONVERSION = YES;
				CLANG_WARN_DIRECT_OBJC_ISA_USAGE = YES_ERROR;
				CLANG_WARN_DOCUMENTATION_COMMENTS = YES;
				CLANG_WARN_EMPTY_BODY = YES;
				CLANG_WARN_ENUM_CONVERSION = YES;
				CLANG_WARN_INFINITE_RECURSION = YES;
				CLANG_WARN_INT_CONVERSION = YES;
				CLANG_WARN_NON_LITERAL_NULL_CONVERSION = YES;
				CLANG_WARN_OBJC_LITERAL_CONVERSION = YES;
				CLANG_WARN_OBJC_ROOT_CLASS = YES_ERROR;
				CLANG_WARN_RANGE_LOOP_ANALYSIS = YES;
				CLANG_WARN_STRICT_PROTOTYPES = YES;
				CLANG_WARN_SUSPICIOUS_MOVE = YES;
				CLANG_WARN_UNGUARDED_AVAILABILITY = YES_AGGRESSIVE;
				CLANG_WARN_UNREACHABLE_CODE = YES;
				CLANG_WARN__DUPLICATE_METHOD_MATCH = YES;
				CODE_SIGN_IDENTITY = "iPhone Developer";
				COPY_PHASE_STRIP = NO;
				DEBUG_INFORMATION_FORMAT = "dwarf-with-dsym";
				ENABLE_NS_ASSERTIONS = NO;
				ENABLE_STRICT_OBJC_MSGSEND = YES;
				GCC_C_LANGUAGE_STANDARD = gnu11;
				GCC_NO_COMMON_BLOCKS = YES;
				GCC_WARN_64_TO_32_BIT_CONVERSION = YES;
				GCC_WARN_ABOUT_RETURN_TYPE = YES_ERROR;
				GCC_WARN_UNDECLARED_SELECTOR = YES;
				GCC_WARN_UNINITIALIZED_AUTOS = YES_AGGRESSIVE;
				GCC_WARN_UNUSED_FUNCTION = YES;
				GCC_WARN_UNUSED_VARIABLE = YES;
				IPHONEOS_DEPLOYMENT_TARGET = 11.2;
				MTL_ENABLE_DEBUG_INFO = NO;
				SDKROOT = iphoneos;
				SWIFT_OPTIMIZATION_LEVEL = "-Owholemodule";
				VALIDATE_PRODUCT = YES;
			};
			name = Release;
		};
		4B133CF6200C0C2A008C7B68 /* Debug */ = {
			isa = XCBuildConfiguration;
			baseConfigurationReference = 499C6A7DD3401643220FD7CF /* Pods-SwiftOauthExample.debug.xcconfig */;
			buildSettings = {
				ASSETCATALOG_COMPILER_APPICON_NAME = AppIcon;
				CODE_SIGN_STYLE = Automatic;
				DEVELOPMENT_TEAM = 896JR349G2;
				INFOPLIST_FILE = SwiftOauthExample/Info.plist;
				LD_RUNPATH_SEARCH_PATHS = "$(inherited) @executable_path/Frameworks";
				PRODUCT_BUNDLE_IDENTIFIER = fm.playola.SwiftOauthExample;
				PRODUCT_NAME = "$(TARGET_NAME)";
				SWIFT_VERSION = 4.0;
				TARGETED_DEVICE_FAMILY = "1,2";
			};
			name = Debug;
		};
		4B133CF7200C0C2A008C7B68 /* Release */ = {
			isa = XCBuildConfiguration;
			baseConfigurationReference = B2BFC96CFE6A0DD1487AC934 /* Pods-SwiftOauthExample.release.xcconfig */;
			buildSettings = {
				ASSETCATALOG_COMPILER_APPICON_NAME = AppIcon;
				CODE_SIGN_STYLE = Automatic;
				DEVELOPMENT_TEAM = 896JR349G2;
				INFOPLIST_FILE = SwiftOauthExample/Info.plist;
				LD_RUNPATH_SEARCH_PATHS = "$(inherited) @executable_path/Frameworks";
				PRODUCT_BUNDLE_IDENTIFIER = fm.playola.SwiftOauthExample;
				PRODUCT_NAME = "$(TARGET_NAME)";
				SWIFT_VERSION = 4.0;
				TARGETED_DEVICE_FAMILY = "1,2";
			};
			name = Release;
		};
		4B133CF9200C0C2A008C7B68 /* Debug */ = {
			isa = XCBuildConfiguration;
			baseConfigurationReference = 0D003B3541FA96C5885C5D74 /* Pods-SwiftOauthExampleTests.debug.xcconfig */;
			buildSettings = {
				ALWAYS_EMBED_SWIFT_STANDARD_LIBRARIES = YES;
				BUNDLE_LOADER = "$(TEST_HOST)";
				CODE_SIGN_STYLE = Automatic;
				DEVELOPMENT_TEAM = 896JR349G2;
				INFOPLIST_FILE = SwiftOauthExampleTests/Info.plist;
				LD_RUNPATH_SEARCH_PATHS = "$(inherited) @executable_path/Frameworks @loader_path/Frameworks";
				PRODUCT_BUNDLE_IDENTIFIER = fm.playola.SwiftOauthExampleTests;
				PRODUCT_NAME = "$(TARGET_NAME)";
				SWIFT_VERSION = 4.0;
				TARGETED_DEVICE_FAMILY = "1,2";
				TEST_HOST = "$(BUILT_PRODUCTS_DIR)/SwiftOauthExample.app/SwiftOauthExample";
			};
			name = Debug;
		};
		4B133CFA200C0C2A008C7B68 /* Release */ = {
			isa = XCBuildConfiguration;
			baseConfigurationReference = D356EE3E09212E33C296A274 /* Pods-SwiftOauthExampleTests.release.xcconfig */;
			buildSettings = {
				ALWAYS_EMBED_SWIFT_STANDARD_LIBRARIES = YES;
				BUNDLE_LOADER = "$(TEST_HOST)";
				CODE_SIGN_STYLE = Automatic;
				DEVELOPMENT_TEAM = 896JR349G2;
				INFOPLIST_FILE = SwiftOauthExampleTests/Info.plist;
				LD_RUNPATH_SEARCH_PATHS = "$(inherited) @executable_path/Frameworks @loader_path/Frameworks";
				PRODUCT_BUNDLE_IDENTIFIER = fm.playola.SwiftOauthExampleTests;
				PRODUCT_NAME = "$(TARGET_NAME)";
				SWIFT_VERSION = 4.0;
				TARGETED_DEVICE_FAMILY = "1,2";
				TEST_HOST = "$(BUILT_PRODUCTS_DIR)/SwiftOauthExample.app/SwiftOauthExample";
			};
			name = Release;
		};
		4B133CFC200C0C2A008C7B68 /* Debug */ = {
			isa = XCBuildConfiguration;
			baseConfigurationReference = DF6EA2D4DD2BD700D203596C /* Pods-SwiftOauthExampleUITests.debug.xcconfig */;
			buildSettings = {
				ALWAYS_EMBED_SWIFT_STANDARD_LIBRARIES = YES;
				CODE_SIGN_STYLE = Automatic;
				DEVELOPMENT_TEAM = 896JR349G2;
				INFOPLIST_FILE = SwiftOauthExampleUITests/Info.plist;
				LD_RUNPATH_SEARCH_PATHS = "$(inherited) @executable_path/Frameworks @loader_path/Frameworks";
				PRODUCT_BUNDLE_IDENTIFIER = fm.playola.SwiftOauthExampleUITests;
				PRODUCT_NAME = "$(TARGET_NAME)";
				SWIFT_VERSION = 4.0;
				TARGETED_DEVICE_FAMILY = "1,2";
				TEST_TARGET_NAME = SwiftOauthExample;
			};
			name = Debug;
		};
		4B133CFD200C0C2A008C7B68 /* Release */ = {
			isa = XCBuildConfiguration;
			baseConfigurationReference = 3837280062AB17DA99DEC99E /* Pods-SwiftOauthExampleUITests.release.xcconfig */;
			buildSettings = {
				ALWAYS_EMBED_SWIFT_STANDARD_LIBRARIES = YES;
				CODE_SIGN_STYLE = Automatic;
				DEVELOPMENT_TEAM = 896JR349G2;
				INFOPLIST_FILE = SwiftOauthExampleUITests/Info.plist;
				LD_RUNPATH_SEARCH_PATHS = "$(inherited) @executable_path/Frameworks @loader_path/Frameworks";
				PRODUCT_BUNDLE_IDENTIFIER = fm.playola.SwiftOauthExampleUITests;
				PRODUCT_NAME = "$(TARGET_NAME)";
				SWIFT_VERSION = 4.0;
				TARGETED_DEVICE_FAMILY = "1,2";
				TEST_TARGET_NAME = SwiftOauthExample;
			};
			name = Release;
		};
/* End XCBuildConfiguration section */

/* Begin XCConfigurationList section */
		4B133CC8200C0C2A008C7B68 /* Build configuration list for PBXProject "SwiftOauthExample" */ = {
			isa = XCConfigurationList;
			buildConfigurations = (
				4B133CF3200C0C2A008C7B68 /* Debug */,
				4B133CF4200C0C2A008C7B68 /* Release */,
			);
			defaultConfigurationIsVisible = 0;
			defaultConfigurationName = Release;
		};
		4B133CF5200C0C2A008C7B68 /* Build configuration list for PBXNativeTarget "SwiftOauthExample" */ = {
			isa = XCConfigurationList;
			buildConfigurations = (
				4B133CF6200C0C2A008C7B68 /* Debug */,
				4B133CF7200C0C2A008C7B68 /* Release */,
			);
			defaultConfigurationIsVisible = 0;
			defaultConfigurationName = Release;
		};
		4B133CF8200C0C2A008C7B68 /* Build configuration list for PBXNativeTarget "SwiftOauthExampleTests" */ = {
			isa = XCConfigurationList;
			buildConfigurations = (
				4B133CF9200C0C2A008C7B68 /* Debug */,
				4B133CFA200C0C2A008C7B68 /* Release */,
			);
			defaultConfigurationIsVisible = 0;
			defaultConfigurationName = Release;
		};
		4B133CFB200C0C2A008C7B68 /* Build configuration list for PBXNativeTarget "SwiftOauthExampleUITests" */ = {
			isa = XCConfigurationList;
			buildConfigurations = (
				4B133CFC200C0C2A008C7B68 /* Debug */,
				4B133CFD200C0C2A008C7B68 /* Release */,
			);
			defaultConfigurationIsVisible = 0;
			defaultConfigurationName = Release;
		};
/* End XCConfigurationList section */
	};
	rootObject = 4B133CC5200C0C2A008C7B68 /* Project object */;
}
